// !$*UTF8*$!
{
	archiveVersion = 1;
	classes = {
	};
	objectVersion = 46;
	objects = {

/* Begin PBXBuildFile section */
		08CB1BB41B4CF218001475BE /* Main.storyboard in Resources */ = {isa = PBXBuildFile; fileRef = 08CB1BB31B4CF218001475BE /* Main.storyboard */; };
		90FE47251B46BF51006DD902 /* main.m in Sources */ = {isa = PBXBuildFile; fileRef = 90FE47241B46BF51006DD902 /* main.m */; };
		90FE47281B46BF51006DD902 /* AppDelegate.m in Sources */ = {isa = PBXBuildFile; fileRef = 90FE47271B46BF51006DD902 /* AppDelegate.m */; };
		90FE472B1B46BF51006DD902 /* ViewController.m in Sources */ = {isa = PBXBuildFile; fileRef = 90FE472A1B46BF51006DD902 /* ViewController.m */; };
		90FE47301B46BF51006DD902 /* Images.xcassets in Resources */ = {isa = PBXBuildFile; fileRef = 90FE472F1B46BF51006DD902 /* Images.xcassets */; };
		90FE47331B46BF51006DD902 /* LaunchScreen.xib in Resources */ = {isa = PBXBuildFile; fileRef = 90FE47311B46BF51006DD902 /* LaunchScreen.xib */; };
		90FE473F1B46BF51006DD902 /* NavigationStructureTestTests.m in Sources */ = {isa = PBXBuildFile; fileRef = 90FE473E1B46BF51006DD902 /* NavigationStructureTestTests.m */; };
		90FE474A1B46BF8D006DD902 /* TabBarItemViewController.m in Sources */ = {isa = PBXBuildFile; fileRef = 90FE47491B46BF8D006DD902 /* TabBarItemViewController.m */; };
/* End PBXBuildFile section */

/* Begin PBXContainerItemProxy section */
		90FE47391B46BF51006DD902 /* PBXContainerItemProxy */ = {
			isa = PBXContainerItemProxy;
			containerPortal = 90FE47171B46BF51006DD902 /* Project object */;
			proxyType = 1;
			remoteGlobalIDString = 90FE471E1B46BF51006DD902;
			remoteInfo = NavigationStructureTest;
		};
/* End PBXContainerItemProxy section */

/* Begin PBXFileReference section */
		08CB1BB31B4CF218001475BE /* Main.storyboard */ = {isa = PBXFileReference; fileEncoding = 4; lastKnownFileType = file.storyboard; path = Main.storyboard; sourceTree = "<group>"; };
		90FE471F1B46BF51006DD902 /* NavigationStructureTest.app */ = {isa = PBXFileReference; explicitFileType = wrapper.application; includeInIndex = 0; path = NavigationStructureTest.app; sourceTree = BUILT_PRODUCTS_DIR; };
		90FE47231B46BF51006DD902 /* Info.plist */ = {isa = PBXFileReference; lastKnownFileType = text.plist.xml; path = Info.plist; sourceTree = "<group>"; };
		90FE47241B46BF51006DD902 /* main.m */ = {isa = PBXFileReference; lastKnownFileType = sourcecode.c.objc; path = main.m; sourceTree = "<group>"; };
		90FE47261B46BF51006DD902 /* AppDelegate.h */ = {isa = PBXFileReference; lastKnownFileType = sourcecode.c.h; path = AppDelegate.h; sourceTree = "<group>"; };
		90FE47271B46BF51006DD902 /* AppDelegate.m */ = {isa = PBXFileReference; lastKnownFileType = sourcecode.c.objc; path = AppDelegate.m; sourceTree = "<group>"; };
		90FE47291B46BF51006DD902 /* ViewController.h */ = {isa = PBXFileReference; lastKnownFileType = sourcecode.c.h; path = ViewController.h; sourceTree = "<group>"; };
		90FE472A1B46BF51006DD902 /* ViewController.m */ = {isa = PBXFileReference; lastKnownFileType = sourcecode.c.objc; path = ViewController.m; sourceTree = "<group>"; };
		90FE472F1B46BF51006DD902 /* Images.xcassets */ = {isa = PBXFileReference; lastKnownFileType = folder.assetcatalog; path = Images.xcassets; sourceTree = "<group>"; };
		90FE47321B46BF51006DD902 /* Base */ = {isa = PBXFileReference; lastKnownFileType = file.xib; name = Base; path = Base.lproj/LaunchScreen.xib; sourceTree = "<group>"; };
		90FE47381B46BF51006DD902 /* NavigationStructureTestTests.xctest */ = {isa = PBXFileReference; explicitFileType = wrapper.cfbundle; includeInIndex = 0; path = NavigationStructureTestTests.xctest; sourceTree = BUILT_PRODUCTS_DIR; };
		90FE473D1B46BF51006DD902 /* Info.plist */ = {isa = PBXFileReference; lastKnownFileType = text.plist.xml; path = Info.plist; sourceTree = "<group>"; };
		90FE473E1B46BF51006DD902 /* NavigationStructureTestTests.m */ = {isa = PBXFileReference; lastKnownFileType = sourcecode.c.objc; path = NavigationStructureTestTests.m; sourceTree = "<group>"; };
		90FE47481B46BF8D006DD902 /* TabBarItemViewController.h */ = {isa = PBXFileReference; fileEncoding = 4; lastKnownFileType = sourcecode.c.h; path = TabBarItemViewController.h; sourceTree = "<group>"; };
		90FE47491B46BF8D006DD902 /* TabBarItemViewController.m */ = {isa = PBXFileReference; fileEncoding = 4; lastKnownFileType = sourcecode.c.objc; path = TabBarItemViewController.m; sourceTree = "<group>"; };
/* End PBXFileReference section */

/* Begin PBXFrameworksBuildPhase section */
		90FE471C1B46BF51006DD902 /* Frameworks */ = {
			isa = PBXFrameworksBuildPhase;
			buildActionMask = 2147483647;
			files = (
			);
			runOnlyForDeploymentPostprocessing = 0;
		};
		90FE47351B46BF51006DD902 /* Frameworks */ = {
			isa = PBXFrameworksBuildPhase;
			buildActionMask = 2147483647;
			files = (
			);
			runOnlyForDeploymentPostprocessing = 0;
		};
/* End PBXFrameworksBuildPhase section */

/* Begin PBXGroup section */
		90FE47161B46BF51006DD902 = {
			isa = PBXGroup;
			children = (
				90FE47211B46BF51006DD902 /* NavigationStructureTest */,
				90FE473B1B46BF51006DD902 /* NavigationStructureTestTests */,
				90FE47201B46BF51006DD902 /* Products */,
			);
			sourceTree = "<group>";
		};
		90FE47201B46BF51006DD902 /* Products */ = {
			isa = PBXGroup;
			children = (
				90FE471F1B46BF51006DD902 /* NavigationStructureTest.app */,
				90FE47381B46BF51006DD902 /* NavigationStructureTestTests.xctest */,
			);
			name = Products;
			sourceTree = "<group>";
		};
		90FE47211B46BF51006DD902 /* NavigationStructureTest */ = {
			isa = PBXGroup;
			children = (
				90FE47261B46BF51006DD902 /* AppDelegate.h */,
				90FE47271B46BF51006DD902 /* AppDelegate.m */,
				90FE47291B46BF51006DD902 /* ViewController.h */,
				90FE472A1B46BF51006DD902 /* ViewController.m */,
				90FE472F1B46BF51006DD902 /* Images.xcassets */,
				08CB1BB31B4CF218001475BE /* Main.storyboard */,
				90FE47311B46BF51006DD902 /* LaunchScreen.xib */,
				90FE47221B46BF51006DD902 /* Supporting Files */,
				90FE47481B46BF8D006DD902 /* TabBarItemViewController.h */,
				90FE47491B46BF8D006DD902 /* TabBarItemViewController.m */,
			);
			path = NavigationStructureTest;
			sourceTree = "<group>";
		};
		90FE47221B46BF51006DD902 /* Supporting Files */ = {
			isa = PBXGroup;
			children = (
				90FE47231B46BF51006DD902 /* Info.plist */,
				90FE47241B46BF51006DD902 /* main.m */,
			);
			name = "Supporting Files";
			sourceTree = "<group>";
		};
		90FE473B1B46BF51006DD902 /* NavigationStructureTestTests */ = {
			isa = PBXGroup;
			children = (
				90FE473E1B46BF51006DD902 /* NavigationStructureTestTests.m */,
				90FE473C1B46BF51006DD902 /* Supporting Files */,
			);
			path = NavigationStructureTestTests;
			sourceTree = "<group>";
		};
		90FE473C1B46BF51006DD902 /* Supporting Files */ = {
			isa = PBXGroup;
			children = (
				90FE473D1B46BF51006DD902 /* Info.plist */,
			);
			name = "Supporting Files";
			sourceTree = "<group>";
		};
/* End PBXGroup section */

/* Begin PBXNativeTarget section */
		90FE471E1B46BF51006DD902 /* NavigationStructureTest */ = {
			isa = PBXNativeTarget;
			buildConfigurationList = 90FE47421B46BF51006DD902 /* Build configuration list for PBXNativeTarget "NavigationStructureTest" */;
			buildPhases = (
				90FE471B1B46BF51006DD902 /* Sources */,
				90FE471C1B46BF51006DD902 /* Frameworks */,
				90FE471D1B46BF51006DD902 /* Resources */,
			);
			buildRules = (
			);
			dependencies = (
			);
			name = NavigationStructureTest;
			productName = NavigationStructureTest;
			productReference = 90FE471F1B46BF51006DD902 /* NavigationStructureTest.app */;
			productType = "com.apple.product-type.application";
		};
		90FE47371B46BF51006DD902 /* NavigationStructureTestTests */ = {
			isa = PBXNativeTarget;
			buildConfigurationList = 90FE47451B46BF51006DD902 /* Build configuration list for PBXNativeTarget "NavigationStructureTestTests" */;
			buildPhases = (
				90FE47341B46BF51006DD902 /* Sources */,
				90FE47351B46BF51006DD902 /* Frameworks */,
				90FE47361B46BF51006DD902 /* Resources */,
			);
			buildRules = (
			);
			dependencies = (
				90FE473A1B46BF51006DD902 /* PBXTargetDependency */,
			);
			name = NavigationStructureTestTests;
			productName = NavigationStructureTestTests;
			productReference = 90FE47381B46BF51006DD902 /* NavigationStructureTestTests.xctest */;
			productType = "com.apple.product-type.bundle.unit-test";
		};
/* End PBXNativeTarget section */

/* Begin PBXProject section */
		90FE47171B46BF51006DD902 /* Project object */ = {
			isa = PBXProject;
			attributes = {
				LastUpgradeCheck = 0630;
				ORGANIZATIONNAME = matt.propst;
				TargetAttributes = {
					90FE471E1B46BF51006DD902 = {
						CreatedOnToolsVersion = 6.3;
					};
					90FE47371B46BF51006DD902 = {
						CreatedOnToolsVersion = 6.3;
						TestTargetID = 90FE471E1B46BF51006DD902;
					};
				};
			};
			buildConfigurationList = 90FE471A1B46BF51006DD902 /* Build configuration list for PBXProject "NavigationStructureTest" */;
			compatibilityVersion = "Xcode 3.2";
			developmentRegion = English;
			hasScannedForEncodings = 0;
			knownRegions = (
				en,
				Base,
			);
			mainGroup = 90FE47161B46BF51006DD902;
			productRefGroup = 90FE47201B46BF51006DD902 /* Products */;
			projectDirPath = "";
			projectRoot = "";
			targets = (
				90FE471E1B46BF51006DD902 /* NavigationStructureTest */,
				90FE47371B46BF51006DD902 /* NavigationStructureTestTests */,
			);
		};
/* End PBXProject section */

/* Begin PBXResourcesBuildPhase section */
		90FE471D1B46BF51006DD902 /* Resources */ = {
			isa = PBXResourcesBuildPhase;
			buildActionMask = 2147483647;
			files = (
				08CB1BB41B4CF218001475BE /* Main.storyboard in Resources */,
				90FE47331B46BF51006DD902 /* LaunchScreen.xib in Resources */,
				90FE47301B46BF51006DD902 /* Images.xcassets in Resources */,
			);
			runOnlyForDeploymentPostprocessing = 0;
		};
		90FE47361B46BF51006DD902 /* Resources */ = {
			isa = PBXResourcesBuildPhase;
			buildActionMask = 2147483647;
			files = (
			);
			runOnlyForDeploymentPostprocessing = 0;
		};
/* End PBXResourcesBuildPhase section */

/* Begin PBXSourcesBuildPhase section */
		90FE471B1B46BF51006DD902 /* Sources */ = {
			isa = PBXSourcesBuildPhase;
			buildActionMask = 2147483647;
			files = (
				90FE472B1B46BF51006DD902 /* ViewController.m in Sources */,
				90FE47281B46BF51006DD902 /* AppDelegate.m in Sources */,
				90FE47251B46BF51006DD902 /* main.m in Sources */,
				90FE474A1B46BF8D006DD902 /* TabBarItemViewController.m in Sources */,
			);
			runOnlyForDeploymentPostprocessing = 0;
		};
		90FE47341B46BF51006DD902 /* Sources */ = {
			isa = PBXSourcesBuildPhase;
			buildActionMask = 2147483647;
			files = (
				90FE473F1B46BF51006DD902 /* NavigationStructureTestTests.m in Sources */,
			);
			runOnlyForDeploymentPostprocessing = 0;
		};
/* End PBXSourcesBuildPhase section */

/* Begin PBXTargetDependency section */
		90FE473A1B46BF51006DD902 /* PBXTargetDependency */ = {
			isa = PBXTargetDependency;
			target = 90FE471E1B46BF51006DD902 /* NavigationStructureTest */;
			targetProxy = 90FE47391B46BF51006DD902 /* PBXContainerItemProxy */;
		};
/* End PBXTargetDependency section */

/* Begin PBXVariantGroup section */
		90FE47311B46BF51006DD902 /* LaunchScreen.xib */ = {
			isa = PBXVariantGroup;
			children = (
				90FE47321B46BF51006DD902 /* Base */,
			);
			name = LaunchScreen.xib;
			sourceTree = "<group>";
		};
/* End PBXVariantGroup section */

/* Begin XCBuildConfiguration section */
		90FE47401B46BF51006DD902 /* Debug */ = {
			isa = XCBuildConfiguration;
			buildSettings = {
				ALWAYS_SEARCH_USER_PATHS = NO;
				CLANG_CXX_LANGUAGE_STANDARD = "gnu++0x";
				CLANG_CXX_LIBRARY = "libc++";
				CLANG_ENABLE_MODULES = YES;
				CLANG_ENABLE_OBJC_ARC = YES;
				CLANG_WARN_BOOL_CONVERSION = YES;
				CLANG_WARN_CONSTANT_CONVERSION = YES;
				CLANG_WARN_DIRECT_OBJC_ISA_USAGE = YES_ERROR;
				CLANG_WARN_EMPTY_BODY = YES;
				CLANG_WARN_ENUM_CONVERSION = YES;
				CLANG_WARN_INT_CONVERSION = YES;
				CLANG_WARN_OBJC_ROOT_CLASS = YES_ERROR;
				CLANG_WARN_UNREACHABLE_CODE = YES;
				CLANG_WARN__DUPLICATE_METHOD_MATCH = YES;
				"CODE_SIGN_IDENTITY[sdk=iphoneos*]" = "iPhone Developer";
				COPY_PHASE_STRIP = NO;
				DEBUG_INFORMATION_FORMAT = "dwarf-with-dsym";
				ENABLE_STRICT_OBJC_MSGSEND = YES;
				GCC_C_LANGUAGE_STANDARD = gnu99;
				GCC_DYNAMIC_NO_PIC = NO;
				GCC_NO_COMMON_BLOCKS = YES;
				GCC_OPTIMIZATION_LEVEL = 0;
				GCC_PREPROCESSOR_DEFINITIONS = (
					"DEBUG=1",
					"$(inherited)",
				);
				GCC_SYMBOLS_PRIVATE_EXTERN = NO;
				GCC_WARN_64_TO_32_BIT_CONVERSION = YES;
				GCC_WARN_ABOUT_RETURN_TYPE = YES_ERROR;
				GCC_WARN_UNDECLARED_SELECTOR = YES;
				GCC_WARN_UNINITIALIZED_AUTOS = YES_AGGRESSIVE;
				GCC_WARN_UNUSED_FUNCTION = YES;
				GCC_WARN_UNUSED_VARIABLE = YES;
				IPHONEOS_DEPLOYMENT_TARGET = 8.3;
				MTL_ENABLE_DEBUG_INFO = YES;
				ONLY_ACTIVE_ARCH = YES;
				SDKROOT = iphoneos;
			};
			name = Debug;
		};
		90FE47411B46BF51006DD902 /* Release */ = {
			isa = XCBuildConfiguration;
			buildSettings = {
				ALWAYS_SEARCH_USER_PATHS = NO;
				CLANG_CXX_LANGUAGE_STANDARD = "gnu++0x";
				CLANG_CXX_LIBRARY = "libc++";
				CLANG_ENABLE_MODULES = YES;
				CLANG_ENABLE_OBJC_ARC = YES;
				CLANG_WARN_BOOL_CONVERSION = YES;
				CLANG_WARN_CONSTANT_CONVERSION = YES;
				CLANG_WARN_DIRECT_OBJC_ISA_USAGE = YES_ERROR;
				CLANG_WARN_EMPTY_BODY = YES;
				CLANG_WARN_ENUM_CONVERSION = YES;
				CLANG_WARN_INT_CONVERSION = YES;
				CLANG_WARN_OBJC_ROOT_CLASS = YES_ERROR;
				CLANG_WARN_UNREACHABLE_CODE = YES;
				CLANG_WARN__DUPLICATE_METHOD_MATCH = YES;
				"CODE_SIGN_IDENTITY[sdk=iphoneos*]" = "iPhone Developer";
				COPY_PHASE_STRIP = NO;
				DEBUG_INFORMATION_FORMAT = "dwarf-with-dsym";
				ENABLE_NS_ASSERTIONS = NO;
				ENABLE_STRICT_OBJC_MSGSEND = YES;
				GCC_C_LANGUAGE_STANDARD = gnu99;
				GCC_NO_COMMON_BLOCKS = YES;
				GCC_WARN_64_TO_32_BIT_CONVERSION = YES;
				GCC_WARN_ABOUT_RETURN_TYPE = YES_ERROR;
				GCC_WARN_UNDECLARED_SELECTOR = YES;
				GCC_WARN_UNINITIALIZED_AUTOS = YES_AGGRESSIVE;
				GCC_WARN_UNUSED_FUNCTION = YES;
				GCC_WARN_UNUSED_VARIABLE = YES;
				IPHONEOS_DEPLOYMENT_TARGET = 8.3;
				MTL_ENABLE_DEBUG_INFO = NO;
				SDKROOT = iphoneos;
				VALIDATE_PRODUCT = YES;
			};
			name = Release;
		};
		90FE47431B46BF51006DD902 /* Debug */ = {
			isa = XCBuildConfiguration;
			buildSettings = {
				ASSETCATALOG_COMPILER_APPICON_NAME = AppIcon;
				INFOPLIST_FILE = NavigationStructureTest/Info.plist;
				LD_RUNPATH_SEARCH_PATHS = "$(inherited) @executable_path/Frameworks";
				PRODUCT_NAME = "$(TARGET_NAME)";
			};
			name = Debug;
		};
		90FE47441B46BF51006DD902 /* Release */ = {
			isa = XCBuildConfiguration;
			buildSettings = {
				ASSETCATALOG_COMPILER_APPICON_NAME = AppIcon;
				INFOPLIST_FILE = NavigationStructureTest/Info.plist;
				LD_RUNPATH_SEARCH_PATHS = "$(inherited) @executable_path/Frameworks";
				PRODUCT_NAME = "$(TARGET_NAME)";
			};
			name = Release;
		};
		90FE47461B46BF51006DD902 /* Debug */ = {
			isa = XCBuildConfiguration;
			buildSettings = {
				BUNDLE_LOADER = "$(TEST_HOST)";
				FRAMEWORK_SEARCH_PATHS = (
					"$(SDKROOT)/Developer/Library/Frameworks",
					"$(inherited)",
				);
				GCC_PREPROCESSOR_DEFINITIONS = (
					"DEBUG=1",
					"$(inherited)",
				);
				INFOPLIST_FILE = NavigationStructureTestTests/Info.plist;
				LD_RUNPATH_SEARCH_PATHS = "$(inherited) @executable_path/Frameworks @loader_path/Frameworks";
				PRODUCT_NAME = "$(TARGET_NAME)";
				TEST_HOST = "$(BUILT_PRODUCTS_DIR)/NavigationStructureTest.app/NavigationStructureTest";
			};
			name = Debug;
		};
		90FE47471B46BF51006DD902 /* Release */ = {
			isa = XCBuildConfiguration;
			buildSettings = {
				BUNDLE_LOADER = "$(TEST_HOST)";
				FRAMEWORK_SEARCH_PATHS = (
					"$(SDKROOT)/Developer/Library/Frameworks",
					"$(inherited)",
				);
				INFOPLIST_FILE = NavigationStructureTestTests/Info.plist;
				LD_RUNPATH_SEARCH_PATHS = "$(inherited) @executable_path/Frameworks @loader_path/Frameworks";
				PRODUCT_NAME = "$(TARGET_NAME)";
				TEST_HOST = "$(BUILT_PRODUCTS_DIR)/NavigationStructureTest.app/NavigationStructureTest";
			};
			name = Release;
		};
/* End XCBuildConfiguration section */

/* Begin XCConfigurationList section */
		90FE471A1B46BF51006DD902 /* Build configuration list for PBXProject "NavigationStructureTest" */ = {
			isa = XCConfigurationList;
			buildConfigurations = (
				90FE47401B46BF51006DD902 /* Debug */,
				90FE47411B46BF51006DD902 /* Release */,
			);
			defaultConfigurationIsVisible = 0;
			defaultConfigurationName = Release;
		};
		90FE47421B46BF51006DD902 /* Build configuration list for PBXNativeTarget "NavigationStructureTest" */ = {
			isa = XCConfigurationList;
			buildConfigurations = (
				90FE47431B46BF51006DD902 /* Debug */,
				90FE47441B46BF51006DD902 /* Release */,
			);
			defaultConfigurationIsVisible = 0;
			defaultConfigurationName = Release;
		};
		90FE47451B46BF51006DD902 /* Build configuration list for PBXNativeTarget "NavigationStructureTestTests" */ = {
			isa = XCConfigurationList;
			buildConfigurations = (
				90FE47461B46BF51006DD902 /* Debug */,
				90FE47471B46BF51006DD902 /* Release */,
			);
			defaultConfigurationIsVisible = 0;
			defaultConfigurationName = Release;
		};
/* End XCConfigurationList section */
	};
	rootObject = 90FE47171B46BF51006DD902 /* Project object */;
}
